{
  "name": "minisearch-ids-bug-report",
  "version": "1.0.0",
  "lockfileVersion": 2,
  "requires": true,
  "packages": {
    "": {
      "name": "minisearch-ids-bug-report",
      "version": "1.0.0",
      "license": "ISC",
      "dependencies": {
        "minisearch": "3.0.4"
      }
    },
    "node_modules/minisearch": {
      "version": "3.0.4",
      "resolved": "https://registry.npmjs.org/minisearch/-/minisearch-3.0.4.tgz",
      "integrity": "sha512-Pppssxzghr+hQ9HVNMUqNiIWaBrXXhwEZTeCUOK7GIWtZEHM+hTBlypaqP/uXnSrye9y4CNv6Ex9e7pH+wATxA=="
    }
  },
  "dependencies": {
    "minisearch": {
      "version": "3.0.4",
      "resolved": "https://registry.npmjs.org/minisearch/-/minisearch-3.0.4.tgz",
      "integrity": "sha512-Pppssxzghr+hQ9HVNMUqNiIWaBrXXhwEZTeCUOK7GIWtZEHM+hTBlypaqP/uXnSrye9y4CNv6Ex9e7pH+wATxA=="
    }
  }
}
